
Microsoft Visual Studio Solution File, Format Version 12.00
# Visual Studio Version 17
VisualStudioVersion = 17.6.33829.357
MinimumVisualStudioVersion = 10.0.40219.1
Project("{8BC9CEB8-8B4A-11D0-8D11-00A0C91BC942}") = "B. Print from 1 to N_rec", "B. Print from 1 to N_rec\B. Print from 1 to N_rec.vcxproj", "{9E07D881-6A38-4669-9113-3FE82CF9A303}"
EndProject
Global
	GlobalSection(SolutionConfigurationPlatforms) = preSolution
		Debug|x64 = Debug|x64
		Debug|x86 = Debug|x86
		Release|x64 = Release|x64
		Release|x86 = Release|x86
	EndGlobalSection
	GlobalSection(ProjectConfigurationPlatforms) = postSolution
		{9E07D881-6A38-4669-9113-3FE82CF9A303}.Debug|x64.ActiveCfg = Debug|x64
		{9E07D881-6A38-4669-9113-3FE82CF9A303}.Debug|x64.Build.0 = Debug|x64
		{9E07D881-6A38-4669-9113-3FE82CF9A303}.Debug|x86.ActiveCfg = Debug|Win32
		{9E07D881-6A38-4669-9113-3FE82CF9A303}.Debug|x86.Build.0 = Debug|Win32
		{9E07D881-6A38-4669-9113-3FE82CF9A303}.Release|x64.ActiveCfg = Release|x64
		{9E07D881-6A38-4669-9113-3FE82CF9A303}.Release|x64.Build.0 = Release|x64
		{9E07D881-6A38-4669-9113-3FE82CF9A303}.Release|x86.ActiveCfg = Release|Win32
		{9E07D881-6A38-4669-9113-3FE82CF9A303}.Release|x86.Build.0 = Release|Win32
	EndGlobalSection
	GlobalSection(SolutionProperties) = preSolution
		HideSolutionNode = FALSE
	EndGlobalSection
	GlobalSection(ExtensibilityGlobals) = postSolution
		SolutionGuid = {3CE6C3A8-C38C-44ED-ACA3-F0CDBBD5C28A}
	EndGlobalSection
EndGlobal
