
Microsoft Visual Studio Solution File, Format Version 12.00
# Visual Studio Version 17
VisualStudioVersion = 17.6.33829.357
MinimumVisualStudioVersion = 10.0.40219.1
Project("{8BC9CEB8-8B4A-11D0-8D11-00A0C91BC942}") = "ConsoleApplication17", "ConsoleApplication17\ConsoleApplication17.vcxproj", "{601C2F01-6BA1-48E7-A3F2-6017C2D83123}"
EndProject
Global
	GlobalSection(SolutionConfigurationPlatforms) = preSolution
		Debug|x64 = Debug|x64
		Debug|x86 = Debug|x86
		Release|x64 = Release|x64
		Release|x86 = Release|x86
	EndGlobalSection
	GlobalSection(ProjectConfigurationPlatforms) = postSolution
		{601C2F01-6BA1-48E7-A3F2-6017C2D83123}.Debug|x64.ActiveCfg = Debug|x64
		{601C2F01-6BA1-48E7-A3F2-6017C2D83123}.Debug|x64.Build.0 = Debug|x64
		{601C2F01-6BA1-48E7-A3F2-6017C2D83123}.Debug|x86.ActiveCfg = Debug|Win32
		{601C2F01-6BA1-48E7-A3F2-6017C2D83123}.Debug|x86.Build.0 = Debug|Win32
		{601C2F01-6BA1-48E7-A3F2-6017C2D83123}.Release|x64.ActiveCfg = Release|x64
		{601C2F01-6BA1-48E7-A3F2-6017C2D83123}.Release|x64.Build.0 = Release|x64
		{601C2F01-6BA1-48E7-A3F2-6017C2D83123}.Release|x86.ActiveCfg = Release|Win32
		{601C2F01-6BA1-48E7-A3F2-6017C2D83123}.Release|x86.Build.0 = Release|Win32
	EndGlobalSection
	GlobalSection(SolutionProperties) = preSolution
		HideSolutionNode = FALSE
	EndGlobalSection
	GlobalSection(ExtensibilityGlobals) = postSolution
		SolutionGuid = {8321CC27-C71C-4DF4-9ACF-A982BB014262}
	EndGlobalSection
EndGlobal
