
Microsoft Visual Studio Solution File, Format Version 12.00
# Visual Studio Version 17
VisualStudioVersion = 17.6.33815.320
MinimumVisualStudioVersion = 10.0.40219.1
Project("{8BC9CEB8-8B4A-11D0-8D11-00A0C91BC942}") = "Y. Range sum query", "Y. Range sum query\Y. Range sum query.vcxproj", "{41954016-D3D5-454B-BB7B-22A7B7FED479}"
EndProject
Global
	GlobalSection(SolutionConfigurationPlatforms) = preSolution
		Debug|x64 = Debug|x64
		Debug|x86 = Debug|x86
		Release|x64 = Release|x64
		Release|x86 = Release|x86
	EndGlobalSection
	GlobalSection(ProjectConfigurationPlatforms) = postSolution
		{41954016-D3D5-454B-BB7B-22A7B7FED479}.Debug|x64.ActiveCfg = Debug|x64
		{41954016-D3D5-454B-BB7B-22A7B7FED479}.Debug|x64.Build.0 = Debug|x64
		{41954016-D3D5-454B-BB7B-22A7B7FED479}.Debug|x86.ActiveCfg = Debug|Win32
		{41954016-D3D5-454B-BB7B-22A7B7FED479}.Debug|x86.Build.0 = Debug|Win32
		{41954016-D3D5-454B-BB7B-22A7B7FED479}.Release|x64.ActiveCfg = Release|x64
		{41954016-D3D5-454B-BB7B-22A7B7FED479}.Release|x64.Build.0 = Release|x64
		{41954016-D3D5-454B-BB7B-22A7B7FED479}.Release|x86.ActiveCfg = Release|Win32
		{41954016-D3D5-454B-BB7B-22A7B7FED479}.Release|x86.Build.0 = Release|Win32
	EndGlobalSection
	GlobalSection(SolutionProperties) = preSolution
		HideSolutionNode = FALSE
	EndGlobalSection
	GlobalSection(ExtensibilityGlobals) = postSolution
		SolutionGuid = {D745EB94-E91D-4C85-90FE-12AA60626C74}
	EndGlobalSection
EndGlobal
