
Microsoft Visual Studio Solution File, Format Version 12.00
# Visual Studio Version 17
VisualStudioVersion = 17.8.34511.84
MinimumVisualStudioVersion = 10.0.40219.1
Project("{8BC9CEB8-8B4A-11D0-8D11-00A0C91BC942}") = "A1. Dislike of Threes", "A1. Dislike of Threes\A1. Dislike of Threes.vcxproj", "{210B0CFA-8BE5-4535-8B50-3A8F3F483781}"
EndProject
Global
	GlobalSection(SolutionConfigurationPlatforms) = preSolution
		Debug|x64 = Debug|x64
		Debug|x86 = Debug|x86
		Release|x64 = Release|x64
		Release|x86 = Release|x86
	EndGlobalSection
	GlobalSection(ProjectConfigurationPlatforms) = postSolution
		{210B0CFA-8BE5-4535-8B50-3A8F3F483781}.Debug|x64.ActiveCfg = Debug|x64
		{210B0CFA-8BE5-4535-8B50-3A8F3F483781}.Debug|x64.Build.0 = Debug|x64
		{210B0CFA-8BE5-4535-8B50-3A8F3F483781}.Debug|x86.ActiveCfg = Debug|Win32
		{210B0CFA-8BE5-4535-8B50-3A8F3F483781}.Debug|x86.Build.0 = Debug|Win32
		{210B0CFA-8BE5-4535-8B50-3A8F3F483781}.Release|x64.ActiveCfg = Release|x64
		{210B0CFA-8BE5-4535-8B50-3A8F3F483781}.Release|x64.Build.0 = Release|x64
		{210B0CFA-8BE5-4535-8B50-3A8F3F483781}.Release|x86.ActiveCfg = Release|Win32
		{210B0CFA-8BE5-4535-8B50-3A8F3F483781}.Release|x86.Build.0 = Release|Win32
	EndGlobalSection
	GlobalSection(SolutionProperties) = preSolution
		HideSolutionNode = FALSE
	EndGlobalSection
	GlobalSection(ExtensibilityGlobals) = postSolution
		SolutionGuid = {68BD7F59-0657-4893-83B0-03EF115E3209}
	EndGlobalSection
EndGlobal
